
Microsoft Visual Studio Solution File, Format Version 12.00
# Visual Studio 15
VisualStudioVersion = 15.0.27130.2010
MinimumVisualStudioVersion = 10.0.40219.1
Project("{FAE04EC0-301F-11D3-BF4B-00C04F79EFBC}") = "Deshifr", "Deshifr\Deshifr.csproj", "{52BECF7A-129D-4C90-80C3-82526ECD8B4A}"
EndProject
Global
	GlobalSection(SolutionConfigurationPlatforms) = preSolution
		Debug|Any CPU = Debug|Any CPU
		Release|Any CPU = Release|Any CPU
	EndGlobalSection
	GlobalSection(ProjectConfigurationPlatforms) = postSolution
		{52BECF7A-129D-4C90-80C3-82526ECD8B4A}.Debug|Any CPU.ActiveCfg = Debug|Any CPU
		{52BECF7A-129D-4C90-80C3-82526ECD8B4A}.Debug|Any CPU.Build.0 = Debug|Any CPU
		{52BECF7A-129D-4C90-80C3-82526ECD8B4A}.Release|Any CPU.ActiveCfg = Release|Any CPU
		{52BECF7A-129D-4C90-80C3-82526ECD8B4A}.Release|Any CPU.Build.0 = Release|Any CPU
	EndGlobalSection
	GlobalSection(SolutionProperties) = preSolution
		HideSolutionNode = FALSE
	EndGlobalSection
	GlobalSection(ExtensibilityGlobals) = postSolution
		SolutionGuid = {15AEC949-D03B-4604-B24F-F15F5F7F817E}
	EndGlobalSection
EndGlobal
